
Microsoft Visual Studio Solution File, Format Version 12.00
# Visual Studio Version 17
VisualStudioVersion = 17.6.33815.320
MinimumVisualStudioVersion = 10.0.40219.1
Project("{FAE04EC0-301F-11D3-BF4B-00C04F79EFBC}") = "phone-shop-server", "phone-shop-server\phone-shop-server.csproj", "{A3BDEA95-9DD7-403A-87DE-E203C58063EA}"
EndProject
Global
	GlobalSection(SolutionConfigurationPlatforms) = preSolution
		Debug|Any CPU = Debug|Any CPU
		Release|Any CPU = Release|Any CPU
	EndGlobalSection
	GlobalSection(ProjectConfigurationPlatforms) = postSolution
		{A3BDEA95-9DD7-403A-87DE-E203C58063EA}.Debug|Any CPU.ActiveCfg = Debug|Any CPU
		{A3BDEA95-9DD7-403A-87DE-E203C58063EA}.Debug|Any CPU.Build.0 = Debug|Any CPU
		{A3BDEA95-9DD7-403A-87DE-E203C58063EA}.Release|Any CPU.ActiveCfg = Release|Any CPU
		{A3BDEA95-9DD7-403A-87DE-E203C58063EA}.Release|Any CPU.Build.0 = Release|Any CPU
	EndGlobalSection
	GlobalSection(SolutionProperties) = preSolution
		HideSolutionNode = FALSE
	EndGlobalSection
	GlobalSection(ExtensibilityGlobals) = postSolution
		SolutionGuid = {2F450FE6-CDF8-4679-B9CB-9091C6BE0BE8}
	EndGlobalSection
EndGlobal
